// !$*UTF8*$!
{
	archiveVersion = 1;
	classes = {
	};
	objectVersion = 46;
	objects = {

/* Begin PBXBuildFile section */
		17B447921DE1531D00042843 /* AppDelegate.swift in Sources */ = {isa = PBXBuildFile; fileRef = 17B447911DE1531D00042843 /* AppDelegate.swift */; };
		17B447941DE1531D00042843 /* ViewController.swift in Sources */ = {isa = PBXBuildFile; fileRef = 17B447931DE1531D00042843 /* ViewController.swift */; };
		17B447971DE1531D00042843 /* Main.storyboard in Resources */ = {isa = PBXBuildFile; fileRef = 17B447951DE1531D00042843 /* Main.storyboard */; };
		17B447991DE1531D00042843 /* Assets.xcassets in Resources */ = {isa = PBXBuildFile; fileRef = 17B447981DE1531D00042843 /* Assets.xcassets */; };
		17B4479C1DE1531D00042843 /* LaunchScreen.storyboard in Resources */ = {isa = PBXBuildFile; fileRef = 17B4479A1DE1531D00042843 /* LaunchScreen.storyboard */; };
/* End PBXBuildFile section */

/* Begin PBXFileReference section */
		17B4478E1DE1531D00042843 /* FoodMe.app */ = {isa = PBXFileReference; explicitFileType = wrapper.application; includeInIndex = 0; path = FoodMe.app; sourceTree = BUILT_PRODUCTS_DIR; };
		17B447911DE1531D00042843 /* AppDelegate.swift */ = {isa = PBXFileReference; lastKnownFileType = sourcecode.swift; path = AppDelegate.swift; sourceTree = "<group>"; };
		17B447931DE1531D00042843 /* ViewController.swift */ = {isa = PBXFileReference; lastKnownFileType = sourcecode.swift; path = ViewController.swift; sourceTree = "<group>"; };
		17B447961DE1531D00042843 /* Base */ = {isa = PBXFileReference; lastKnownFileType = file.storyboard; name = Base; path = Base.lproj/Main.storyboard; sourceTree = "<group>"; };
		17B447981DE1531D00042843 /* Assets.xcassets */ = {isa = PBXFileReference; lastKnownFileType = folder.assetcatalog; path = Assets.xcassets; sourceTree = "<group>"; };
		17B4479B1DE1531D00042843 /* Base */ = {isa = PBXFileReference; lastKnownFileType = file.storyboard; name = Base; path = Base.lproj/LaunchScreen.storyboard; sourceTree = "<group>"; };
		17B4479D1DE1531D00042843 /* Info.plist */ = {isa = PBXFileReference; lastKnownFileType = text.plist.xml; path = Info.plist; sourceTree = "<group>"; };
/* End PBXFileReference section */

/* Begin PBXFrameworksBuildPhase section */
		17B4478B1DE1531D00042843 /* Frameworks */ = {
			isa = PBXFrameworksBuildPhase;
			buildActionMask = 2147483647;
			files = (
			);
			runOnlyForDeploymentPostprocessing = 0;
		};
/* End PBXFrameworksBuildPhase section */

/* Begin PBXGroup section */
		17B447851DE1531D00042843 = {
			isa = PBXGroup;
			children = (
				17B447901DE1531D00042843 /* FoodMe */,
				17B4478F1DE1531D00042843 /* Products */,
			);
			sourceTree = "<group>";
		};
		17B4478F1DE1531D00042843 /* Products */ = {
			isa = PBXGroup;
			children = (
				17B4478E1DE1531D00042843 /* FoodMe.app */,
			);
			name = Products;
			sourceTree = "<group>";
		};
		17B447901DE1531D00042843 /* FoodMe */ = {
			isa = PBXGroup;
			children = (
				17B447911DE1531D00042843 /* AppDelegate.swift */,
				17B447931DE1531D00042843 /* ViewController.swift */,
				17B447951DE1531D00042843 /* Main.storyboard */,
				17B447981DE1531D00042843 /* Assets.xcassets */,
				17B4479A1DE1531D00042843 /* LaunchScreen.storyboard */,
				17B4479D1DE1531D00042843 /* Info.plist */,
			);
			path = FoodMe;
			sourceTree = "<group>";
		};
/* End PBXGroup section */

/* Begin PBXNativeTarget section */
		17B4478D1DE1531D00042843 /* FoodMe */ = {
			isa = PBXNativeTarget;
			buildConfigurationList = 17B447A01DE1531D00042843 /* Build configuration list for PBXNativeTarget "FoodMe" */;
			buildPhases = (
				17B4478A1DE1531D00042843 /* Sources */,
				17B4478B1DE1531D00042843 /* Frameworks */,
				17B4478C1DE1531D00042843 /* Resources */,
			);
			buildRules = (
			);
			dependencies = (
			);
			name = FoodMe;
			productName = FoodMe;
			productReference = 17B4478E1DE1531D00042843 /* FoodMe.app */;
			productType = "com.apple.product-type.application";
		};
/* End PBXNativeTarget section */

/* Begin PBXProject section */
		17B447861DE1531D00042843 /* Project object */ = {
			isa = PBXProject;
			attributes = {
				LastSwiftUpdateCheck = 0810;
				LastUpgradeCheck = 0810;
				ORGANIZATIONNAME = SunYufan;
				TargetAttributes = {
					17B4478D1DE1531D00042843 = {
						CreatedOnToolsVersion = 8.1;
						DevelopmentTeam = KUSAA5A9CW;
						ProvisioningStyle = Automatic;
					};
				};
			};
			buildConfigurationList = 17B447891DE1531D00042843 /* Build configuration list for PBXProject "FoodMe" */;
			compatibilityVersion = "Xcode 3.2";
			developmentRegion = English;
			hasScannedForEncodings = 0;
			knownRegions = (
				en,
				Base,
			);
			mainGroup = 17B447851DE1531D00042843;
			productRefGroup = 17B4478F1DE1531D00042843 /* Products */;
			projectDirPath = "";
			projectRoot = "";
			targets = (
				17B4478D1DE1531D00042843 /* FoodMe */,
			);
		};
/* End PBXProject section */

/* Begin PBXResourcesBuildPhase section */
		17B4478C1DE1531D00042843 /* Resources */ = {
			isa = PBXResourcesBuildPhase;
			buildActionMask = 2147483647;
			files = (
				17B4479C1DE1531D00042843 /* LaunchScreen.storyboard in Resources */,
				17B447991DE1531D00042843 /* Assets.xcassets in Resources */,
				17B447971DE1531D00042843 /* Main.storyboard in Resources */,
			);
			runOnlyForDeploymentPostprocessing = 0;
		};
/* End PBXResourcesBuildPhase section */

/* Begin PBXSourcesBuildPhase section */
		17B4478A1DE1531D00042843 /* Sources */ = {
			isa = PBXSourcesBuildPhase;
			buildActionMask = 2147483647;
			files = (
				17B447941DE1531D00042843 /* ViewController.swift in Sources */,
				17B447921DE1531D00042843 /* AppDelegate.swift in Sources */,
			);
			runOnlyForDeploymentPostprocessing = 0;
		};
/* End PBXSourcesBuildPhase section */

/* Begin PBXVariantGroup section */
		17B447951DE1531D00042843 /* Main.storyboard */ = {
			isa = PBXVariantGroup;
			children = (
				17B447961DE1531D00042843 /* Base */,
			);
			name = Main.storyboard;
			sourceTree = "<group>";
		};
		17B4479A1DE1531D00042843 /* LaunchScreen.storyboard */ = {
			isa = PBXVariantGroup;
			children = (
				17B4479B1DE1531D00042843 /* Base */,
			);
			name = LaunchScreen.storyboard;
			sourceTree = "<group>";
		};
/* End PBXVariantGroup section */

/* Begin XCBuildConfiguration section */
		17B4479E1DE1531D00042843 /* Debug */ = {
			isa = XCBuildConfiguration;
			buildSettings = {
				ALWAYS_SEARCH_USER_PATHS = NO;
				CLANG_ANALYZER_NONNULL = YES;
				CLANG_CXX_LANGUAGE_STANDARD = "gnu++0x";
				CLANG_CXX_LIBRARY = "libc++";
				CLANG_ENABLE_MODULES = YES;
				CLANG_ENABLE_OBJC_ARC = YES;
				CLANG_WARN_BOOL_CONVERSION = YES;
				CLANG_WARN_CONSTANT_CONVERSION = YES;
				CLANG_WARN_DIRECT_OBJC_ISA_USAGE = YES_ERROR;
				CLANG_WARN_DOCUMENTATION_COMMENTS = YES;
				CLANG_WARN_EMPTY_BODY = YES;
				CLANG_WARN_ENUM_CONVERSION = YES;
				CLANG_WARN_INFINITE_RECURSION = YES;
				CLANG_WARN_INT_CONVERSION = YES;
				CLANG_WARN_OBJC_ROOT_CLASS = YES_ERROR;
				CLANG_WARN_SUSPICIOUS_MOVES = YES;
				CLANG_WARN_UNREACHABLE_CODE = YES;
				CLANG_WARN__DUPLICATE_METHOD_MATCH = YES;
				"CODE_SIGN_IDENTITY[sdk=iphoneos*]" = "iPhone Developer";
				COPY_PHASE_STRIP = NO;
				DEBUG_INFORMATION_FORMAT = dwarf;
				ENABLE_STRICT_OBJC_MSGSEND = YES;
				ENABLE_TESTABILITY = YES;
				GCC_C_LANGUAGE_STANDARD = gnu99;
				GCC_DYNAMIC_NO_PIC = NO;
				GCC_NO_COMMON_BLOCKS = YES;
				GCC_OPTIMIZATION_LEVEL = 0;
				GCC_PREPROCESSOR_DEFINITIONS = (
					"DEBUG=1",
					"$(inherited)",
				);
				GCC_WARN_64_TO_32_BIT_CONVERSION = YES;
				GCC_WARN_ABOUT_RETURN_TYPE = YES_ERROR;
				GCC_WARN_UNDECLARED_SELECTOR = YES;
				GCC_WARN_UNINITIALIZED_AUTOS = YES_AGGRESSIVE;
				GCC_WARN_UNUSED_FUNCTION = YES;
				GCC_WARN_UNUSED_VARIABLE = YES;
				IPHONEOS_DEPLOYMENT_TARGET = 10.1;
				MTL_ENABLE_DEBUG_INFO = YES;
				ONLY_ACTIVE_ARCH = YES;
				SDKROOT = iphoneos;
				SWIFT_ACTIVE_COMPILATION_CONDITIONS = DEBUG;
				SWIFT_OPTIMIZATION_LEVEL = "-Onone";
			};
			name = Debug;
		};
		17B4479F1DE1531D00042843 /* Release */ = {
			isa = XCBuildConfiguration;
			buildSettings = {
				ALWAYS_SEARCH_USER_PATHS = NO;
				CLANG_ANALYZER_NONNULL = YES;
				CLANG_CXX_LANGUAGE_STANDARD = "gnu++0x";
				CLANG_CXX_LIBRARY = "libc++";
				CLANG_ENABLE_MODULES = YES;
				CLANG_ENABLE_OBJC_ARC = YES;
				CLANG_WARN_BOOL_CONVERSION = YES;
				CLANG_WARN_CONSTANT_CONVERSION = YES;
				CLANG_WARN_DIRECT_OBJC_ISA_USAGE = YES_ERROR;
				CLANG_WARN_DOCUMENTATION_COMMENTS = YES;
				CLANG_WARN_EMPTY_BODY = YES;
				CLANG_WARN_ENUM_CONVERSION = YES;
				CLANG_WARN_INFINITE_RECURSION = YES;
				CLANG_WARN_INT_CONVERSION = YES;
				CLANG_WARN_OBJC_ROOT_CLASS = YES_ERROR;
				CLANG_WARN_SUSPICIOUS_MOVES = YES;
				CLANG_WARN_UNREACHABLE_CODE = YES;
				CLANG_WARN__DUPLICATE_METHOD_MATCH = YES;
				"CODE_SIGN_IDENTITY[sdk=iphoneos*]" = "iPhone Developer";
				COPY_PHASE_STRIP = NO;
				DEBUG_INFORMATION_FORMAT = "dwarf-with-dsym";
				ENABLE_NS_ASSERTIONS = NO;
				ENABLE_STRICT_OBJC_MSGSEND = YES;
				GCC_C_LANGUAGE_STANDARD = gnu99;
				GCC_NO_COMMON_BLOCKS = YES;
				GCC_WARN_64_TO_32_BIT_CONVERSION = YES;
				GCC_WARN_ABOUT_RETURN_TYPE = YES_ERROR;
				GCC_WARN_UNDECLARED_SELECTOR = YES;
				GCC_WARN_UNINITIALIZED_AUTOS = YES_AGGRESSIVE;
				GCC_WARN_UNUSED_FUNCTION = YES;
				GCC_WARN_UNUSED_VARIABLE = YES;
				IPHONEOS_DEPLOYMENT_TARGET = 10.1;
				MTL_ENABLE_DEBUG_INFO = NO;
				SDKROOT = iphoneos;
				SWIFT_OPTIMIZATION_LEVEL = "-Owholemodule";
				VALIDATE_PRODUCT = YES;
			};
			name = Release;
		};
		17B447A11DE1531D00042843 /* Debug */ = {
			isa = XCBuildConfiguration;
			buildSettings = {
				ASSETCATALOG_COMPILER_APPICON_NAME = AppIcon;
				DEVELOPMENT_TEAM = KUSAA5A9CW;
				INFOPLIST_FILE = FoodMe/Info.plist;
				LD_RUNPATH_SEARCH_PATHS = "$(inherited) @executable_path/Frameworks";
				PRODUCT_BUNDLE_IDENTIFIER = Yufan.FoodMe;
				PRODUCT_NAME = "$(TARGET_NAME)";
				SWIFT_VERSION = 3.0;
			};
			name = Debug;
		};
		17B447A21DE1531D00042843 /* Release */ = {
			isa = XCBuildConfiguration;
			buildSettings = {
				ASSETCATALOG_COMPILER_APPICON_NAME = AppIcon;
				DEVELOPMENT_TEAM = KUSAA5A9CW;
				INFOPLIST_FILE = FoodMe/Info.plist;
				LD_RUNPATH_SEARCH_PATHS = "$(inherited) @executable_path/Frameworks";
				PRODUCT_BUNDLE_IDENTIFIER = Yufan.FoodMe;
				PRODUCT_NAME = "$(TARGET_NAME)";
				SWIFT_VERSION = 3.0;
			};
			name = Release;
		};
/* End XCBuildConfiguration section */

/* Begin XCConfigurationList section */
		17B447891DE1531D00042843 /* Build configuration list for PBXProject "FoodMe" */ = {
			isa = XCConfigurationList;
			buildConfigurations = (
				17B4479E1DE1531D00042843 /* Debug */,
				17B4479F1DE1531D00042843 /* Release */,
			);
			defaultConfigurationIsVisible = 0;
			defaultConfigurationName = Release;
		};
		17B447A01DE1531D00042843 /* Build configuration list for PBXNativeTarget "FoodMe" */ = {
			isa = XCConfigurationList;
			buildConfigurations = (
				17B447A11DE1531D00042843 /* Debug */,
				17B447A21DE1531D00042843 /* Release */,
			);
			defaultConfigurationIsVisible = 0;
		};
/* End XCConfigurationList section */
	};
	rootObject = 17B447861DE1531D00042843 /* Project object */;
}
